
Microsoft Visual Studio Solution File, Format Version 12.00
# Visual Studio 15
VisualStudioVersion = 15.0.26730.3
MinimumVisualStudioVersion = 10.0.40219.1
Project("{9A19103F-16F7-4668-BE54-9A1E7A4F7556}") = "Horsesoft.Frontends.Helper", "Horsesoft.Frontends.Helper\Horsesoft.Frontends.Helper.csproj", "{431F6499-5035-478B-AB6E-ACDCD999666F}"
EndProject
Project("{FAE04EC0-301F-11D3-BF4B-00C04F79EFBC}") = "Horsesoft.Frontends.Helper.Tests", "Horsesoft.Frontends.Helper.Tests\Horsesoft.Frontends.Helper.Tests.csproj", "{7111C2A6-23F0-466B-844B-56E2DBA57016}"
EndProject
Project("{2150E333-8FDC-42A3-9474-1A3956D46DE8}") = "Solution Items", "Solution Items", "{778F8DB6-C3F9-414B-8E67-542F8B173075}"
EndProject
Project("{9A19103F-16F7-4668-BE54-9A1E7A4F7556}") = "Frontends.Models", "Horsesoft.Frontends.Models\Frontends.Models.csproj", "{801AF89B-B867-4403-89FA-2468825554B6}"
EndProject
Global
	GlobalSection(SolutionConfigurationPlatforms) = preSolution
		Debug|Any CPU = Debug|Any CPU
		Release|Any CPU = Release|Any CPU
	EndGlobalSection
	GlobalSection(ProjectConfigurationPlatforms) = postSolution
		{431F6499-5035-478B-AB6E-ACDCD999666F}.Debug|Any CPU.ActiveCfg = Debug|Any CPU
		{431F6499-5035-478B-AB6E-ACDCD999666F}.Debug|Any CPU.Build.0 = Debug|Any CPU
		{431F6499-5035-478B-AB6E-ACDCD999666F}.Release|Any CPU.ActiveCfg = Release|Any CPU
		{431F6499-5035-478B-AB6E-ACDCD999666F}.Release|Any CPU.Build.0 = Release|Any CPU
		{7111C2A6-23F0-466B-844B-56E2DBA57016}.Debug|Any CPU.ActiveCfg = Debug|Any CPU
		{7111C2A6-23F0-466B-844B-56E2DBA57016}.Debug|Any CPU.Build.0 = Debug|Any CPU
		{7111C2A6-23F0-466B-844B-56E2DBA57016}.Release|Any CPU.ActiveCfg = Release|Any CPU
		{7111C2A6-23F0-466B-844B-56E2DBA57016}.Release|Any CPU.Build.0 = Release|Any CPU
		{801AF89B-B867-4403-89FA-2468825554B6}.Debug|Any CPU.ActiveCfg = Debug|Any CPU
		{801AF89B-B867-4403-89FA-2468825554B6}.Debug|Any CPU.Build.0 = Debug|Any CPU
		{801AF89B-B867-4403-89FA-2468825554B6}.Release|Any CPU.ActiveCfg = Release|Any CPU
		{801AF89B-B867-4403-89FA-2468825554B6}.Release|Any CPU.Build.0 = Release|Any CPU
	EndGlobalSection
	GlobalSection(SolutionProperties) = preSolution
		HideSolutionNode = FALSE
	EndGlobalSection
	GlobalSection(ExtensibilityGlobals) = postSolution
		SolutionGuid = {15E70BC9-4BAD-4DFC-B87B-871C5F84FF46}
	EndGlobalSection
EndGlobal
